Microsoft Visual Studio Solution File, Format Version 12.00
# Visual Studio 15
VisualStudioVersion = 15.0.28010.2046
MinimumVisualStudioVersion = 10.0.40219.1
Project("{9A19103F-16F7-4668-BE54-9A1E7A4F7556}") = "Project_HNClone", "Project_HNClone\Project_HNClone.csproj", "{51709E88-B2A3-4BAE-BF37-C45ABFB98113}"
EndProject
Project("{9A19103F-16F7-4668-BE54-9A1E7A4F7556}") = "HNClone Tests", "HNClone Tests\HNClone Tests.csproj", "{6ECF2AC1-B1F1-48E8-BF55-9047DC7352B2}"
EndProject
Project("{9A19103F-16F7-4668-BE54-9A1E7A4F7556}") = "HNCloneApi", "HNCloneApi\HNCloneApi.csproj", "{6268610A-C094-4300-A364-F8E94B11E16F}"
EndProject
Global
	GlobalSection(SolutionConfigurationPlatforms) = preSolution
		Debug|Any CPU = Debug|Any CPU
		Release|Any CPU = Release|Any CPU
	EndGlobalSection
	GlobalSection(ProjectConfigurationPlatforms) = postSolution
		{51709E88-B2A3-4BAE-BF37-C45ABFB98113}.Debug|Any CPU.ActiveCfg = Debug|Any CPU
		{51709E88-B2A3-4BAE-BF37-C45ABFB98113}.Debug|Any CPU.Build.0 = Debug|Any CPU
		{51709E88-B2A3-4BAE-BF37-C45ABFB98113}.Release|Any CPU.ActiveCfg = Release|Any CPU
		{51709E88-B2A3-4BAE-BF37-C45ABFB98113}.Release|Any CPU.Build.0 = Release|Any CPU
		{6ECF2AC1-B1F1-48E8-BF55-9047DC7352B2}.Debug|Any CPU.ActiveCfg = Debug|Any CPU
		{6ECF2AC1-B1F1-48E8-BF55-9047DC7352B2}.Debug|Any CPU.Build.0 = Debug|Any CPU
		{6ECF2AC1-B1F1-48E8-BF55-9047DC7352B2}.Release|Any CPU.ActiveCfg = Release|Any CPU
		{6ECF2AC1-B1F1-48E8-BF55-9047DC7352B2}.Release|Any CPU.Build.0 = Release|Any CPU
		{6268610A-C094-4300-A364-F8E94B11E16F}.Debug|Any CPU.ActiveCfg = Debug|Any CPU
		{6268610A-C094-4300-A364-F8E94B11E16F}.Debug|Any CPU.Build.0 = Debug|Any CPU
		{6268610A-C094-4300-A364-F8E94B11E16F}.Release|Any CPU.ActiveCfg = Release|Any CPU
		{6268610A-C094-4300-A364-F8E94B11E16F}.Release|Any CPU.Build.0 = Release|Any CPU
	EndGlobalSection
	GlobalSection(SolutionProperties) = preSolution
		HideSolutionNode = FALSE
	EndGlobalSection
	GlobalSection(ExtensibilityGlobals) = postSolution
		SolutionGuid = {F94CC514-AA11-4C9D-8C20-C42BA5AFD4EF}
	EndGlobalSection
EndGlobal
